
Microsoft Visual Studio Solution File, Format Version 12.00
# Visual Studio Version 17
VisualStudioVersion = 17.12.35323.107
MinimumVisualStudioVersion = 10.0.40219.1
Project("{FAE04EC0-301F-11D3-BF4B-00C04F79EFBC}") = "Udemy.AdvertisementApp.Common", "Udemy.AdvertisementApp.Common\Udemy.AdvertisementApp.Common.csproj", "{9590859A-2ADB-4FE6-8DBA-422FF06C07E6}"
EndProject
Project("{FAE04EC0-301F-11D3-BF4B-00C04F79EFBC}") = "Udemy.AdvertisementApp.Entities", "Udemy.Advertisement.Entities\Udemy.AdvertisementApp.Entities.csproj", "{CC89ADD4-821F-4D3B-AF45-D9F1DFBC11BC}"
EndProject
Project("{FAE04EC0-301F-11D3-BF4B-00C04F79EFBC}") = "Udemy.AdvertisementApp.DataAccess", "Udemy.AdvertisementApp.DataAccess\Udemy.AdvertisementApp.DataAccess.csproj", "{0042B0DC-8828-4E4B-B178-ABC8285D8243}"
EndProject
Project("{FAE04EC0-301F-11D3-BF4B-00C04F79EFBC}") = "Udemy.AdvertisementApp.Business", "Udemy.AdvertisementApp.Business\Udemy.AdvertisementApp.Business.csproj", "{203D1FAF-EFA8-4289-8F84-AC50C0C97EBF}"
EndProject
Project("{FAE04EC0-301F-11D3-BF4B-00C04F79EFBC}") = "Udemy.AdvertisementApp.UI", "Udemy.AdvertisementApp.UI\Udemy.AdvertisementApp.UI.csproj", "{B70CCE15-E772-4F82-BB66-718C57980A43}"
EndProject
Project("{FAE04EC0-301F-11D3-BF4B-00C04F79EFBC}") = "Udemy.AdvertisementApp.Dtos", "Udemy.AdvertisementApp.Dtos\Udemy.AdvertisementApp.Dtos.csproj", "{C26A6288-0F40-432A-A8D3-09F0389C6B35}"
EndProject
Global
	GlobalSection(SolutionConfigurationPlatforms) = preSolution
		Debug|Any CPU = Debug|Any CPU
		Release|Any CPU = Release|Any CPU
	EndGlobalSection
	GlobalSection(ProjectConfigurationPlatforms) = postSolution
		{9590859A-2ADB-4FE6-8DBA-422FF06C07E6}.Debug|Any CPU.ActiveCfg = Debug|Any CPU
		{9590859A-2ADB-4FE6-8DBA-422FF06C07E6}.Debug|Any CPU.Build.0 = Debug|Any CPU
		{9590859A-2ADB-4FE6-8DBA-422FF06C07E6}.Release|Any CPU.ActiveCfg = Release|Any CPU
		{9590859A-2ADB-4FE6-8DBA-422FF06C07E6}.Release|Any CPU.Build.0 = Release|Any CPU
		{CC89ADD4-821F-4D3B-AF45-D9F1DFBC11BC}.Debug|Any CPU.ActiveCfg = Debug|Any CPU
		{CC89ADD4-821F-4D3B-AF45-D9F1DFBC11BC}.Debug|Any CPU.Build.0 = Debug|Any CPU
		{CC89ADD4-821F-4D3B-AF45-D9F1DFBC11BC}.Release|Any CPU.ActiveCfg = Release|Any CPU
		{CC89ADD4-821F-4D3B-AF45-D9F1DFBC11BC}.Release|Any CPU.Build.0 = Release|Any CPU
		{0042B0DC-8828-4E4B-B178-ABC8285D8243}.Debug|Any CPU.ActiveCfg = Debug|Any CPU
		{0042B0DC-8828-4E4B-B178-ABC8285D8243}.Debug|Any CPU.Build.0 = Debug|Any CPU
		{0042B0DC-8828-4E4B-B178-ABC8285D8243}.Release|Any CPU.ActiveCfg = Release|Any CPU
		{0042B0DC-8828-4E4B-B178-ABC8285D8243}.Release|Any CPU.Build.0 = Release|Any CPU
		{203D1FAF-EFA8-4289-8F84-AC50C0C97EBF}.Debug|Any CPU.ActiveCfg = Debug|Any CPU
		{203D1FAF-EFA8-4289-8F84-AC50C0C97EBF}.Debug|Any CPU.Build.0 = Debug|Any CPU
		{203D1FAF-EFA8-4289-8F84-AC50C0C97EBF}.Release|Any CPU.ActiveCfg = Release|Any CPU
		{203D1FAF-EFA8-4289-8F84-AC50C0C97EBF}.Release|Any CPU.Build.0 = Release|Any CPU
		{B70CCE15-E772-4F82-BB66-718C57980A43}.Debug|Any CPU.ActiveCfg = Debug|Any CPU
		{B70CCE15-E772-4F82-BB66-718C57980A43}.Debug|Any CPU.Build.0 = Debug|Any CPU
		{B70CCE15-E772-4F82-BB66-718C57980A43}.Release|Any CPU.ActiveCfg = Release|Any CPU
		{B70CCE15-E772-4F82-BB66-718C57980A43}.Release|Any CPU.Build.0 = Release|Any CPU
		{C26A6288-0F40-432A-A8D3-09F0389C6B35}.Debug|Any CPU.ActiveCfg = Debug|Any CPU
		{C26A6288-0F40-432A-A8D3-09F0389C6B35}.Debug|Any CPU.Build.0 = Debug|Any CPU
		{C26A6288-0F40-432A-A8D3-09F0389C6B35}.Release|Any CPU.ActiveCfg = Release|Any CPU
		{C26A6288-0F40-432A-A8D3-09F0389C6B35}.Release|Any CPU.Build.0 = Release|Any CPU
	EndGlobalSection
	GlobalSection(SolutionProperties) = preSolution
		HideSolutionNode = FALSE
	EndGlobalSection
	GlobalSection(ExtensibilityGlobals) = postSolution
		SolutionGuid = {6853F366-4023-4187-84A8-FDA516DE01D4}
	EndGlobalSection
EndGlobal
